// !$*UTF8*$!
{
	archiveVersion = 1;
	classes = {
	};
	objectVersion = 51;
	objects = {

/* Begin PBXBuildFile section */
		41B955E930E90E3CE0065912 /* Pods_BlueToothPrj.framework in Frameworks */ = {isa = PBXBuildFile; fileRef = FCA1413180CA8C4E693F54E3 /* Pods_BlueToothPrj.framework */; };
		73209AEC483E6A84889B89B3 /* Pods_BlueToothPrjTests.framework in Frameworks */ = {isa = PBXBuildFile; fileRef = D39D4D5E3296C6F546804F49 /* Pods_BlueToothPrjTests.framework */; };
		8550B7E725796E9A002D7E2D /* AppDelegate.swift in Sources */ = {isa = PBXBuildFile; fileRef = 8550B7E625796E9A002D7E2D /* AppDelegate.swift */; };
		8550B7E925796E9A002D7E2D /* SceneDelegate.swift in Sources */ = {isa = PBXBuildFile; fileRef = 8550B7E825796E9A002D7E2D /* SceneDelegate.swift */; };
		8550B7EB25796E9A002D7E2D /* WeightViewController.swift in Sources */ = {isa = PBXBuildFile; fileRef = 8550B7EA25796E9A002D7E2D /* WeightViewController.swift */; };
		8550B7EE25796E9A002D7E2D /* Main.storyboard in Resources */ = {isa = PBXBuildFile; fileRef = 8550B7EC25796E9A002D7E2D /* Main.storyboard */; };
		8550B7F025796EA0002D7E2D /* Assets.xcassets in Resources */ = {isa = PBXBuildFile; fileRef = 8550B7EF25796EA0002D7E2D /* Assets.xcassets */; };
		8550B7F325796EA0002D7E2D /* LaunchScreen.storyboard in Resources */ = {isa = PBXBuildFile; fileRef = 8550B7F125796EA0002D7E2D /* LaunchScreen.storyboard */; };
		8550B7FE25796EA1002D7E2D /* BlueToothPrjTests.swift in Sources */ = {isa = PBXBuildFile; fileRef = 8550B7FD25796EA1002D7E2D /* BlueToothPrjTests.swift */; };
		8550B80925796EA1002D7E2D /* BlueToothPrjUITests.swift in Sources */ = {isa = PBXBuildFile; fileRef = 8550B80825796EA1002D7E2D /* BlueToothPrjUITests.swift */; };
		8550B81F25797B6C002D7E2D /* ApiClient.swift in Sources */ = {isa = PBXBuildFile; fileRef = 8550B81E25797B6C002D7E2D /* ApiClient.swift */; };
		8550B837257D9B64002D7E2D /* WeightCell.swift in Sources */ = {isa = PBXBuildFile; fileRef = 8550B836257D9B64002D7E2D /* WeightCell.swift */; };
		8550B84C25827D9B002D7E2D /* WeightHash.swift in Sources */ = {isa = PBXBuildFile; fileRef = 8550B84B25827D9B002D7E2D /* WeightHash.swift */; };
		855575AF2590FAE000D5116F /* BTManager.swift in Sources */ = {isa = PBXBuildFile; fileRef = 855575AE2590FAE000D5116F /* BTManager.swift */; };
		855575CB25997F6F00D5116F /* ChartView.swift in Sources */ = {isa = PBXBuildFile; fileRef = 855575CA25997F6E00D5116F /* ChartView.swift */; };
		855575D3259A74EB00D5116F /* JsonTestData.json in Resources */ = {isa = PBXBuildFile; fileRef = 855575D2259A74EB00D5116F /* JsonTestData.json */; };
		855575D8259A7EF200D5116F /* WeightJsonDecoder.swift in Sources */ = {isa = PBXBuildFile; fileRef = 855575D7259A7EF200D5116F /* WeightJsonDecoder.swift */; };
		8576DEED25A653F70019C74A /* PersistanceHelper.swift in Sources */ = {isa = PBXBuildFile; fileRef = 8576DEEC25A653F60019C74A /* PersistanceHelper.swift */; };
		8576DEF425A6B2250019C74A /* SaveManager.swift in Sources */ = {isa = PBXBuildFile; fileRef = 8576DEF325A6B2250019C74A /* SaveManager.swift */; };
		8576DF0325B87C390019C74A /* CalendarController.swift in Sources */ = {isa = PBXBuildFile; fileRef = 8576DF0225B87C380019C74A /* CalendarController.swift */; };
		8576DF1325B88CEA0019C74A /* NavigationController.swift in Sources */ = {isa = PBXBuildFile; fileRef = 8576DF1225B88CEA0019C74A /* NavigationController.swift */; };
		ABBB91C623889A5ADC7ABADF /* Pods_BlueToothPrj_BlueToothPrjUITests.framework in Frameworks */ = {isa = PBXBuildFile; fileRef = 8A6A8D6F41290D3CC16D4F62 /* Pods_BlueToothPrj_BlueToothPrjUITests.framework */; };
/* End PBXBuildFile section */

/* Begin PBXContainerItemProxy section */
		8550B7FA25796EA1002D7E2D /* PBXContainerItemProxy */ = {
			isa = PBXContainerItemProxy;
			containerPortal = 8550B7DB25796E9A002D7E2D /* Project object */;
			proxyType = 1;
			remoteGlobalIDString = 8550B7E225796E9A002D7E2D;
			remoteInfo = BlueToothPrj;
		};
		8550B80525796EA1002D7E2D /* PBXContainerItemProxy */ = {
			isa = PBXContainerItemProxy;
			containerPortal = 8550B7DB25796E9A002D7E2D /* Project object */;
			proxyType = 1;
			remoteGlobalIDString = 8550B7E225796E9A002D7E2D;
			remoteInfo = BlueToothPrj;
		};
/* End PBXContainerItemProxy section */

/* Begin PBXFileReference section */
		0B34F8263440DC59ACF0C9A4 /* Pods-BlueToothPrj.release.xcconfig */ = {isa = PBXFileReference; includeInIndex = 1; lastKnownFileType = text.xcconfig; name = "Pods-BlueToothPrj.release.xcconfig"; path = "Target Support Files/Pods-BlueToothPrj/Pods-BlueToothPrj.release.xcconfig"; sourceTree = "<group>"; };
		34AE50844690404921B86616 /* Pods-BlueToothPrjTests.debug.xcconfig */ = {isa = PBXFileReference; includeInIndex = 1; lastKnownFileType = text.xcconfig; name = "Pods-BlueToothPrjTests.debug.xcconfig"; path = "Target Support Files/Pods-BlueToothPrjTests/Pods-BlueToothPrjTests.debug.xcconfig"; sourceTree = "<group>"; };
		8550B7E325796E9A002D7E2D /* BlueToothPrj.app */ = {isa = PBXFileReference; explicitFileType = wrapper.application; includeInIndex = 0; path = BlueToothPrj.app; sourceTree = BUILT_PRODUCTS_DIR; };
		8550B7E625796E9A002D7E2D /* AppDelegate.swift */ = {isa = PBXFileReference; lastKnownFileType = sourcecode.swift; path = AppDelegate.swift; sourceTree = "<group>"; };
		8550B7E825796E9A002D7E2D /* SceneDelegate.swift */ = {isa = PBXFileReference; lastKnownFileType = sourcecode.swift; path = SceneDelegate.swift; sourceTree = "<group>"; };
		8550B7EA25796E9A002D7E2D /* WeightViewController.swift */ = {isa = PBXFileReference; lastKnownFileType = sourcecode.swift; path = WeightViewController.swift; sourceTree = "<group>"; };
		8550B7ED25796E9A002D7E2D /* Base */ = {isa = PBXFileReference; lastKnownFileType = file.storyboard; name = Base; path = Base.lproj/Main.storyboard; sourceTree = "<group>"; };
		8550B7EF25796EA0002D7E2D /* Assets.xcassets */ = {isa = PBXFileReference; lastKnownFileType = folder.assetcatalog; path = Assets.xcassets; sourceTree = "<group>"; };
		8550B7F225796EA0002D7E2D /* Base */ = {isa = PBXFileReference; lastKnownFileType = file.storyboard; name = Base; path = Base.lproj/LaunchScreen.storyboard; sourceTree = "<group>"; };
		8550B7F425796EA0002D7E2D /* Info.plist */ = {isa = PBXFileReference; lastKnownFileType = text.plist.xml; path = Info.plist; sourceTree = "<group>"; };
		8550B7F925796EA1002D7E2D /* BlueToothPrjTests.xctest */ = {isa = PBXFileReference; explicitFileType = wrapper.cfbundle; includeInIndex = 0; path = BlueToothPrjTests.xctest; sourceTree = BUILT_PRODUCTS_DIR; };
		8550B7FD25796EA1002D7E2D /* BlueToothPrjTests.swift */ = {isa = PBXFileReference; lastKnownFileType = sourcecode.swift; path = BlueToothPrjTests.swift; sourceTree = "<group>"; };
		8550B7FF25796EA1002D7E2D /* Info.plist */ = {isa = PBXFileReference; lastKnownFileType = text.plist.xml; path = Info.plist; sourceTree = "<group>"; };
		8550B80425796EA1002D7E2D /* BlueToothPrjUITests.xctest */ = {isa = PBXFileReference; explicitFileType = wrapper.cfbundle; includeInIndex = 0; path = BlueToothPrjUITests.xctest; sourceTree = BUILT_PRODUCTS_DIR; };
		8550B80825796EA1002D7E2D /* BlueToothPrjUITests.swift */ = {isa = PBXFileReference; lastKnownFileType = sourcecode.swift; path = BlueToothPrjUITests.swift; sourceTree = "<group>"; };
		8550B80A25796EA1002D7E2D /* Info.plist */ = {isa = PBXFileReference; lastKnownFileType = text.plist.xml; path = Info.plist; sourceTree = "<group>"; };
		8550B81E25797B6C002D7E2D /* ApiClient.swift */ = {isa = PBXFileReference; lastKnownFileType = sourcecode.swift; path = ApiClient.swift; sourceTree = "<group>"; };
		8550B836257D9B64002D7E2D /* WeightCell.swift */ = {isa = PBXFileReference; lastKnownFileType = sourcecode.swift; path = WeightCell.swift; sourceTree = "<group>"; };
		8550B84B25827D9B002D7E2D /* WeightHash.swift */ = {isa = PBXFileReference; lastKnownFileType = sourcecode.swift; path = WeightHash.swift; sourceTree = "<group>"; };
		855575AE2590FAE000D5116F /* BTManager.swift */ = {isa = PBXFileReference; lastKnownFileType = sourcecode.swift; path = BTManager.swift; sourceTree = "<group>"; };
		855575CA25997F6E00D5116F /* ChartView.swift */ = {isa = PBXFileReference; lastKnownFileType = sourcecode.swift; path = ChartView.swift; sourceTree = "<group>"; };
		855575D2259A74EB00D5116F /* JsonTestData.json */ = {isa = PBXFileReference; lastKnownFileType = text.json; path = JsonTestData.json; sourceTree = "<group>"; };
		855575D7259A7EF200D5116F /* WeightJsonDecoder.swift */ = {isa = PBXFileReference; lastKnownFileType = sourcecode.swift; path = WeightJsonDecoder.swift; sourceTree = "<group>"; };
		8576DEEC25A653F60019C74A /* PersistanceHelper.swift */ = {isa = PBXFileReference; lastKnownFileType = sourcecode.swift; path = PersistanceHelper.swift; sourceTree = "<group>"; };
		8576DEF325A6B2250019C74A /* SaveManager.swift */ = {isa = PBXFileReference; lastKnownFileType = sourcecode.swift; path = SaveManager.swift; sourceTree = "<group>"; };
		8576DF0225B87C380019C74A /* CalendarController.swift */ = {isa = PBXFileReference; lastKnownFileType = sourcecode.swift; path = CalendarController.swift; sourceTree = "<group>"; };
		8576DF1225B88CEA0019C74A /* NavigationController.swift */ = {isa = PBXFileReference; lastKnownFileType = sourcecode.swift; path = NavigationController.swift; sourceTree = "<group>"; };
		87468EB52497DF8829C45BB6 /* Pods-BlueToothPrj-BlueToothPrjUITests.release.xcconfig */ = {isa = PBXFileReference; includeInIndex = 1; lastKnownFileType = text.xcconfig; name = "Pods-BlueToothPrj-BlueToothPrjUITests.release.xcconfig"; path = "Target Support Files/Pods-BlueToothPrj-BlueToothPrjUITests/Pods-BlueToothPrj-BlueToothPrjUITests.release.xcconfig"; sourceTree = "<group>"; };
		8A6A8D6F41290D3CC16D4F62 /* Pods_BlueToothPrj_BlueToothPrjUITests.framework */ = {isa = PBXFileReference; explicitFileType = wrapper.framework; includeInIndex = 0; path = Pods_BlueToothPrj_BlueToothPrjUITests.framework; sourceTree = BUILT_PRODUCTS_DIR; };
		A6523A9230489CC7EB706201 /* Pods-BlueToothPrj.debug.xcconfig */ = {isa = PBXFileReference; includeInIndex = 1; lastKnownFileType = text.xcconfig; name = "Pods-BlueToothPrj.debug.xcconfig"; path = "Target Support Files/Pods-BlueToothPrj/Pods-BlueToothPrj.debug.xcconfig"; sourceTree = "<group>"; };
		B068BA7F97068CC331716B4B /* Pods-BlueToothPrjTests.release.xcconfig */ = {isa = PBXFileReference; includeInIndex = 1; lastKnownFileType = text.xcconfig; name = "Pods-BlueToothPrjTests.release.xcconfig"; path = "Target Support Files/Pods-BlueToothPrjTests/Pods-BlueToothPrjTests.release.xcconfig"; sourceTree = "<group>"; };
		D39D4D5E3296C6F546804F49 /* Pods_BlueToothPrjTests.framework */ = {isa = PBXFileReference; explicitFileType = wrapper.framework; includeInIndex = 0; path = Pods_BlueToothPrjTests.framework; sourceTree = BUILT_PRODUCTS_DIR; };
		DE9E423742577378A4EA3D96 /* Pods-BlueToothPrj-BlueToothPrjUITests.debug.xcconfig */ = {isa = PBXFileReference; includeInIndex = 1; lastKnownFileType = text.xcconfig; name = "Pods-BlueToothPrj-BlueToothPrjUITests.debug.xcconfig"; path = "Target Support Files/Pods-BlueToothPrj-BlueToothPrjUITests/Pods-BlueToothPrj-BlueToothPrjUITests.debug.xcconfig"; sourceTree = "<group>"; };
		FCA1413180CA8C4E693F54E3 /* Pods_BlueToothPrj.framework */ = {isa = PBXFileReference; explicitFileType = wrapper.framework; includeInIndex = 0; path = Pods_BlueToothPrj.framework; sourceTree = BUILT_PRODUCTS_DIR; };
/* End PBXFileReference section */

/* Begin PBXFrameworksBuildPhase section */
		8550B7E025796E9A002D7E2D /* Frameworks */ = {
			isa = PBXFrameworksBuildPhase;
			buildActionMask = 2147483647;
			files = (
				41B955E930E90E3CE0065912 /* Pods_BlueToothPrj.framework in Frameworks */,
			);
			runOnlyForDeploymentPostprocessing = 0;
		};
		8550B7F625796EA1002D7E2D /* Frameworks */ = {
			isa = PBXFrameworksBuildPhase;
			buildActionMask = 2147483647;
			files = (
				73209AEC483E6A84889B89B3 /* Pods_BlueToothPrjTests.framework in Frameworks */,
			);
			runOnlyForDeploymentPostprocessing = 0;
		};
		8550B80125796EA1002D7E2D /* Frameworks */ = {
			isa = PBXFrameworksBuildPhase;
			buildActionMask = 2147483647;
			files = (
				ABBB91C623889A5ADC7ABADF /* Pods_BlueToothPrj_BlueToothPrjUITests.framework in Frameworks */,
			);
			runOnlyForDeploymentPostprocessing = 0;
		};
/* End PBXFrameworksBuildPhase section */

/* Begin PBXGroup section */
		1C6B5BFEEC2D029DB0D9B434 /* Pods */ = {
			isa = PBXGroup;
			children = (
				A6523A9230489CC7EB706201 /* Pods-BlueToothPrj.debug.xcconfig */,
				0B34F8263440DC59ACF0C9A4 /* Pods-BlueToothPrj.release.xcconfig */,
				DE9E423742577378A4EA3D96 /* Pods-BlueToothPrj-BlueToothPrjUITests.debug.xcconfig */,
				87468EB52497DF8829C45BB6 /* Pods-BlueToothPrj-BlueToothPrjUITests.release.xcconfig */,
				34AE50844690404921B86616 /* Pods-BlueToothPrjTests.debug.xcconfig */,
				B068BA7F97068CC331716B4B /* Pods-BlueToothPrjTests.release.xcconfig */,
			);
			path = Pods;
			sourceTree = "<group>";
		};
		8550B7DA25796E9A002D7E2D = {
			isa = PBXGroup;
			children = (
				8550B7E525796E9A002D7E2D /* BlueToothPrj */,
				8550B7FC25796EA1002D7E2D /* BlueToothPrjTests */,
				8550B80725796EA1002D7E2D /* BlueToothPrjUITests */,
				8550B7E425796E9A002D7E2D /* Products */,
				1C6B5BFEEC2D029DB0D9B434 /* Pods */,
				9AFB088306132826F44F9CE7 /* Frameworks */,
			);
			sourceTree = "<group>";
		};
		8550B7E425796E9A002D7E2D /* Products */ = {
			isa = PBXGroup;
			children = (
				8550B7E325796E9A002D7E2D /* BlueToothPrj.app */,
				8550B7F925796EA1002D7E2D /* BlueToothPrjTests.xctest */,
				8550B80425796EA1002D7E2D /* BlueToothPrjUITests.xctest */,
			);
			name = Products;
			sourceTree = "<group>";
		};
		8550B7E525796E9A002D7E2D /* BlueToothPrj */ = {
			isa = PBXGroup;
			children = (
				8550B832257AD71F002D7E2D /* Supporting Files */,
				8550B834257D9409002D7E2D /* Model */,
				8550B833257D9405002D7E2D /* View */,
				8550B835257D9436002D7E2D /* Controller */,
			);
			path = BlueToothPrj;
			sourceTree = "<group>";
		};
		8550B7FC25796EA1002D7E2D /* BlueToothPrjTests */ = {
			isa = PBXGroup;
			children = (
				8550B7FD25796EA1002D7E2D /* BlueToothPrjTests.swift */,
				8550B7FF25796EA1002D7E2D /* Info.plist */,
			);
			path = BlueToothPrjTests;
			sourceTree = "<group>";
		};
		8550B80725796EA1002D7E2D /* BlueToothPrjUITests */ = {
			isa = PBXGroup;
			children = (
				8550B80825796EA1002D7E2D /* BlueToothPrjUITests.swift */,
				8550B80A25796EA1002D7E2D /* Info.plist */,
			);
			path = BlueToothPrjUITests;
			sourceTree = "<group>";
		};
		8550B832257AD71F002D7E2D /* Supporting Files */ = {
			isa = PBXGroup;
			children = (
				8550B7E625796E9A002D7E2D /* AppDelegate.swift */,
				8550B7E825796E9A002D7E2D /* SceneDelegate.swift */,
				8550B7EC25796E9A002D7E2D /* Main.storyboard */,
				8550B7EF25796EA0002D7E2D /* Assets.xcassets */,
				8550B7F125796EA0002D7E2D /* LaunchScreen.storyboard */,
				855575D2259A74EB00D5116F /* JsonTestData.json */,
				8550B7F425796EA0002D7E2D /* Info.plist */,
			);
			path = "Supporting Files";
			sourceTree = "<group>";
		};
		8550B833257D9405002D7E2D /* View */ = {
			isa = PBXGroup;
			children = (
				8550B836257D9B64002D7E2D /* WeightCell.swift */,
				855575CA25997F6E00D5116F /* ChartView.swift */,
			);
			path = View;
			sourceTree = "<group>";
		};
		8550B834257D9409002D7E2D /* Model */ = {
			isa = PBXGroup;
			children = (
				8576DEEC25A653F60019C74A /* PersistanceHelper.swift */,
				8576DEF325A6B2250019C74A /* SaveManager.swift */,
				8550B81E25797B6C002D7E2D /* ApiClient.swift */,
				855575AE2590FAE000D5116F /* BTManager.swift */,
				8550B84B25827D9B002D7E2D /* WeightHash.swift */,
				855575D7259A7EF200D5116F /* WeightJsonDecoder.swift */,
			);
			path = Model;
			sourceTree = "<group>";
		};
		8550B835257D9436002D7E2D /* Controller */ = {
			isa = PBXGroup;
			children = (
				8576DF1225B88CEA0019C74A /* NavigationController.swift */,
				8576DF0225B87C380019C74A /* CalendarController.swift */,
				8550B7EA25796E9A002D7E2D /* WeightViewController.swift */,
			);
			path = Controller;
			sourceTree = "<group>";
		};
		9AFB088306132826F44F9CE7 /* Frameworks */ = {
			isa = PBXGroup;
			children = (
				FCA1413180CA8C4E693F54E3 /* Pods_BlueToothPrj.framework */,
				8A6A8D6F41290D3CC16D4F62 /* Pods_BlueToothPrj_BlueToothPrjUITests.framework */,
				D39D4D5E3296C6F546804F49 /* Pods_BlueToothPrjTests.framework */,
			);
			name = Frameworks;
			sourceTree = "<group>";
		};
/* End PBXGroup section */

/* Begin PBXNativeTarget section */
		8550B7E225796E9A002D7E2D /* BlueToothPrj */ = {
			isa = PBXNativeTarget;
			buildConfigurationList = 8550B80D25796EA1002D7E2D /* Build configuration list for PBXNativeTarget "BlueToothPrj" */;
			buildPhases = (
				DA63BC08064C42A1B6AE0285 /* [CP] Check Pods Manifest.lock */,
				8550B7DF25796E9A002D7E2D /* Sources */,
				8550B7E025796E9A002D7E2D /* Frameworks */,
				8550B7E125796E9A002D7E2D /* Resources */,
				6B2DEA8BED588A13BEF43FB2 /* [CP] Embed Pods Frameworks */,
			);
			buildRules = (
			);
			dependencies = (
			);
			name = BlueToothPrj;
			productName = BlueToothPrj;
			productReference = 8550B7E325796E9A002D7E2D /* BlueToothPrj.app */;
			productType = "com.apple.product-type.application";
		};
		8550B7F825796EA1002D7E2D /* BlueToothPrjTests */ = {
			isa = PBXNativeTarget;
			buildConfigurationList = 8550B81025796EA1002D7E2D /* Build configuration list for PBXNativeTarget "BlueToothPrjTests" */;
			buildPhases = (
				3B21FD861718DFC7B22066EF /* [CP] Check Pods Manifest.lock */,
				8550B7F525796EA1002D7E2D /* Sources */,
				8550B7F625796EA1002D7E2D /* Frameworks */,
				8550B7F725796EA1002D7E2D /* Resources */,
			);
			buildRules = (
			);
			dependencies = (
				8550B7FB25796EA1002D7E2D /* PBXTargetDependency */,
			);
			name = BlueToothPrjTests;
			productName = BlueToothPrjTests;
			productReference = 8550B7F925796EA1002D7E2D /* BlueToothPrjTests.xctest */;
			productType = "com.apple.product-type.bundle.unit-test";
		};
		8550B80325796EA1002D7E2D /* BlueToothPrjUITests */ = {
			isa = PBXNativeTarget;
			buildConfigurationList = 8550B81325796EA1002D7E2D /* Build configuration list for PBXNativeTarget "BlueToothPrjUITests" */;
			buildPhases = (
				C970B9B75E28B81942E98F1E /* [CP] Check Pods Manifest.lock */,
				8550B80025796EA1002D7E2D /* Sources */,
				8550B80125796EA1002D7E2D /* Frameworks */,
				8550B80225796EA1002D7E2D /* Resources */,
				C6AD7B5EFE50590E0D47C2DF /* [CP] Embed Pods Frameworks */,
			);
			buildRules = (
			);
			dependencies = (
				8550B80625796EA1002D7E2D /* PBXTargetDependency */,
			);
			name = BlueToothPrjUITests;
			productName = BlueToothPrjUITests;
			productReference = 8550B80425796EA1002D7E2D /* BlueToothPrjUITests.xctest */;
			productType = "com.apple.product-type.bundle.ui-testing";
		};
/* End PBXNativeTarget section */

/* Begin PBXProject section */
		8550B7DB25796E9A002D7E2D /* Project object */ = {
			isa = PBXProject;
			attributes = {
				LastSwiftUpdateCheck = 1210;
				LastUpgradeCheck = 1210;
				TargetAttributes = {
					8550B7E225796E9A002D7E2D = {
						CreatedOnToolsVersion = 12.1.1;
					};
					8550B7F825796EA1002D7E2D = {
						CreatedOnToolsVersion = 12.1.1;
						TestTargetID = 8550B7E225796E9A002D7E2D;
					};
					8550B80325796EA1002D7E2D = {
						CreatedOnToolsVersion = 12.1.1;
						TestTargetID = 8550B7E225796E9A002D7E2D;
					};
				};
			};
			buildConfigurationList = 8550B7DE25796E9A002D7E2D /* Build configuration list for PBXProject "BlueToothPrj" */;
			compatibilityVersion = "Xcode 9.3";
			developmentRegion = en;
			hasScannedForEncodings = 0;
			knownRegions = (
				en,
				Base,
			);
			mainGroup = 8550B7DA25796E9A002D7E2D;
			productRefGroup = 8550B7E425796E9A002D7E2D /* Products */;
			projectDirPath = "";
			projectRoot = "";
			targets = (
				8550B7E225796E9A002D7E2D /* BlueToothPrj */,
				8550B7F825796EA1002D7E2D /* BlueToothPrjTests */,
				8550B80325796EA1002D7E2D /* BlueToothPrjUITests */,
			);
		};
/* End PBXProject section */

/* Begin PBXResourcesBuildPhase section */
		8550B7E125796E9A002D7E2D /* Resources */ = {
			isa = PBXResourcesBuildPhase;
			buildActionMask = 2147483647;
			files = (
				855575D3259A74EB00D5116F /* JsonTestData.json in Resources */,
				8550B7F325796EA0002D7E2D /* LaunchScreen.storyboard in Resources */,
				8550B7F025796EA0002D7E2D /* Assets.xcassets in Resources */,
				8550B7EE25796E9A002D7E2D /* Main.storyboard in Resources */,
			);
			runOnlyForDeploymentPostprocessing = 0;
		};
		8550B7F725796EA1002D7E2D /* Resources */ = {
			isa = PBXResourcesBuildPhase;
			buildActionMask = 2147483647;
			files = (
			);
			runOnlyForDeploymentPostprocessing = 0;
		};
		8550B80225796EA1002D7E2D /* Resources */ = {
			isa = PBXResourcesBuildPhase;
			buildActionMask = 2147483647;
			files = (
			);
			runOnlyForDeploymentPostprocessing = 0;
		};
/* End PBXResourcesBuildPhase section */

/* Begin PBXShellScriptBuildPhase section */
		3B21FD861718DFC7B22066EF /* [CP] Check Pods Manifest.lock */ = {
			isa = PBXShellScriptBuildPhase;
			buildActionMask = 2147483647;
			files = (
			);
			inputFileListPaths = (
			);
			inputPaths = (
				"${PODS_PODFILE_DIR_PATH}/Podfile.lock",
				"${PODS_ROOT}/Manifest.lock",
			);
			name = "[CP] Check Pods Manifest.lock";
			outputFileListPaths = (
			);
			outputPaths = (
				"$(DERIVED_FILE_DIR)/Pods-BlueToothPrjTests-checkManifestLockResult.txt",
			);
			runOnlyForDeploymentPostprocessing = 0;
			shellPath = /bin/sh;
			shellScript = "diff \"${PODS_PODFILE_DIR_PATH}/Podfile.lock\" \"${PODS_ROOT}/Manifest.lock\" > /dev/null\nif [ $? != 0 ] ; then\n    # print error to STDERR\n    echo \"error: The sandbox is not in sync with the Podfile.lock. Run 'pod install' or update your CocoaPods installation.\" >&2\n    exit 1\nfi\n# This output is used by Xcode 'outputs' to avoid re-running this script phase.\necho \"SUCCESS\" > \"${SCRIPT_OUTPUT_FILE_0}\"\n";
			showEnvVarsInLog = 0;
		};
		6B2DEA8BED588A13BEF43FB2 /* [CP] Embed Pods Frameworks */ = {
			isa = PBXShellScriptBuildPhase;
			buildActionMask = 2147483647;
			files = (
			);
			inputFileListPaths = (
				"${PODS_ROOT}/Target Support Files/Pods-BlueToothPrj/Pods-BlueToothPrj-frameworks-${CONFIGURATION}-input-files.xcfilelist",
			);
			name = "[CP] Embed Pods Frameworks";
			outputFileListPaths = (
				"${PODS_ROOT}/Target Support Files/Pods-BlueToothPrj/Pods-BlueToothPrj-frameworks-${CONFIGURATION}-output-files.xcfilelist",
			);
			runOnlyForDeploymentPostprocessing = 0;
			shellPath = /bin/sh;
			shellScript = "\"${PODS_ROOT}/Target Support Files/Pods-BlueToothPrj/Pods-BlueToothPrj-frameworks.sh\"\n";
			showEnvVarsInLog = 0;
		};
		C6AD7B5EFE50590E0D47C2DF /* [CP] Embed Pods Frameworks */ = {
			isa = PBXShellScriptBuildPhase;
			buildActionMask = 2147483647;
			files = (
			);
			inputFileListPaths = (
				"${PODS_ROOT}/Target Support Files/Pods-BlueToothPrj-BlueToothPrjUITests/Pods-BlueToothPrj-BlueToothPrjUITests-frameworks-${CONFIGURATION}-input-files.xcfilelist",
			);
			name = "[CP] Embed Pods Frameworks";
			outputFileListPaths = (
				"${PODS_ROOT}/Target Support Files/Pods-BlueToothPrj-BlueToothPrjUITests/Pods-BlueToothPrj-BlueToothPrjUITests-frameworks-${CONFIGURATION}-output-files.xcfilelist",
			);
			runOnlyForDeploymentPostprocessing = 0;
			shellPath = /bin/sh;
			shellScript = "\"${PODS_ROOT}/Target Support Files/Pods-BlueToothPrj-BlueToothPrjUITests/Pods-BlueToothPrj-BlueToothPrjUITests-frameworks.sh\"\n";
			showEnvVarsInLog = 0;
		};
		C970B9B75E28B81942E98F1E /* [CP] Check Pods Manifest.lock */ = {
			isa = PBXShellScriptBuildPhase;
			buildActionMask = 2147483647;
			files = (
			);
			inputFileListPaths = (
			);
			inputPaths = (
				"${PODS_PODFILE_DIR_PATH}/Podfile.lock",
				"${PODS_ROOT}/Manifest.lock",
			);
			name = "[CP] Check Pods Manifest.lock";
			outputFileListPaths = (
			);
			outputPaths = (
				"$(DERIVED_FILE_DIR)/Pods-BlueToothPrj-BlueToothPrjUITests-checkManifestLockResult.txt",
			);
			runOnlyForDeploymentPostprocessing = 0;
			shellPath = /bin/sh;
			shellScript = "diff \"${PODS_PODFILE_DIR_PATH}/Podfile.lock\" \"${PODS_ROOT}/Manifest.lock\" > /dev/null\nif [ $? != 0 ] ; then\n    # print error to STDERR\n    echo \"error: The sandbox is not in sync with the Podfile.lock. Run 'pod install' or update your CocoaPods installation.\" >&2\n    exit 1\nfi\n# This output is used by Xcode 'outputs' to avoid re-running this script phase.\necho \"SUCCESS\" > \"${SCRIPT_OUTPUT_FILE_0}\"\n";
			showEnvVarsInLog = 0;
		};
		DA63BC08064C42A1B6AE0285 /* [CP] Check Pods Manifest.lock */ = {
			isa = PBXShellScriptBuildPhase;
			buildActionMask = 2147483647;
			files = (
			);
			inputFileListPaths = (
			);
			inputPaths = (
				"${PODS_PODFILE_DIR_PATH}/Podfile.lock",
				"${PODS_ROOT}/Manifest.lock",
			);
			name = "[CP] Check Pods Manifest.lock";
			outputFileListPaths = (
			);
			outputPaths = (
				"$(DERIVED_FILE_DIR)/Pods-BlueToothPrj-checkManifestLockResult.txt",
			);
			runOnlyForDeploymentPostprocessing = 0;
			shellPath = /bin/sh;
			shellScript = "diff \"${PODS_PODFILE_DIR_PATH}/Podfile.lock\" \"${PODS_ROOT}/Manifest.lock\" > /dev/null\nif [ $? != 0 ] ; then\n    # print error to STDERR\n    echo \"error: The sandbox is not in sync with the Podfile.lock. Run 'pod install' or update your CocoaPods installation.\" >&2\n    exit 1\nfi\n# This output is used by Xcode 'outputs' to avoid re-running this script phase.\necho \"SUCCESS\" > \"${SCRIPT_OUTPUT_FILE_0}\"\n";
			showEnvVarsInLog = 0;
		};
/* End PBXShellScriptBuildPhase section */

/* Begin PBXSourcesBuildPhase section */
		8550B7DF25796E9A002D7E2D /* Sources */ = {
			isa = PBXSourcesBuildPhase;
			buildActionMask = 2147483647;
			files = (
				8576DEED25A653F70019C74A /* PersistanceHelper.swift in Sources */,
				8576DF0325B87C390019C74A /* CalendarController.swift in Sources */,
				855575CB25997F6F00D5116F /* ChartView.swift in Sources */,
				855575D8259A7EF200D5116F /* WeightJsonDecoder.swift in Sources */,
				8550B7EB25796E9A002D7E2D /* WeightViewController.swift in Sources */,
				8550B7E725796E9A002D7E2D /* AppDelegate.swift in Sources */,
				855575AF2590FAE000D5116F /* BTManager.swift in Sources */,
				8550B837257D9B64002D7E2D /* WeightCell.swift in Sources */,
				8576DF1325B88CEA0019C74A /* NavigationController.swift in Sources */,
				8550B7E925796E9A002D7E2D /* SceneDelegate.swift in Sources */,
				8550B84C25827D9B002D7E2D /* WeightHash.swift in Sources */,
				8576DEF425A6B2250019C74A /* SaveManager.swift in Sources */,
				8550B81F25797B6C002D7E2D /* ApiClient.swift in Sources */,
			);
			runOnlyForDeploymentPostprocessing = 0;
		};
		8550B7F525796EA1002D7E2D /* Sources */ = {
			isa = PBXSourcesBuildPhase;
			buildActionMask = 2147483647;
			files = (
				8550B7FE25796EA1002D7E2D /* BlueToothPrjTests.swift in Sources */,
			);
			runOnlyForDeploymentPostprocessing = 0;
		};
		8550B80025796EA1002D7E2D /* Sources */ = {
			isa = PBXSourcesBuildPhase;
			buildActionMask = 2147483647;
			files = (
				8550B80925796EA1002D7E2D /* BlueToothPrjUITests.swift in Sources */,
			);
			runOnlyForDeploymentPostprocessing = 0;
		};
/* End PBXSourcesBuildPhase section */

/* Begin PBXTargetDependency section */
		8550B7FB25796EA1002D7E2D /* PBXTargetDependency */ = {
			isa = PBXTargetDependency;
			target = 8550B7E225796E9A002D7E2D /* BlueToothPrj */;
			targetProxy = 8550B7FA25796EA1002D7E2D /* PBXContainerItemProxy */;
		};
		8550B80625796EA1002D7E2D /* PBXTargetDependency */ = {
			isa = PBXTargetDependency;
			target = 8550B7E225796E9A002D7E2D /* BlueToothPrj */;
			targetProxy = 8550B80525796EA1002D7E2D /* PBXContainerItemProxy */;
		};
/* End PBXTargetDependency section */

/* Begin PBXVariantGroup section */
		8550B7EC25796E9A002D7E2D /* Main.storyboard */ = {
			isa = PBXVariantGroup;
			children = (
				8550B7ED25796E9A002D7E2D /* Base */,
			);
			name = Main.storyboard;
			sourceTree = "<group>";
		};
		8550B7F125796EA0002D7E2D /* LaunchScreen.storyboard */ = {
			isa = PBXVariantGroup;
			children = (
				8550B7F225796EA0002D7E2D /* Base */,
			);
			name = LaunchScreen.storyboard;
			sourceTree = "<group>";
		};
/* End PBXVariantGroup section */

/* Begin XCBuildConfiguration section */
		8550B80B25796EA1002D7E2D /* Debug */ = {
			isa = XCBuildConfiguration;
			buildSettings = {
				ALWAYS_SEARCH_USER_PATHS = NO;
				CLANG_ANALYZER_NONNULL = YES;
				CLANG_ANALYZER_NUMBER_OBJECT_CONVERSION = YES_AGGRESSIVE;
				CLANG_CXX_LANGUAGE_STANDARD = "gnu++14";
				CLANG_CXX_LIBRARY = "libc++";
				CLANG_ENABLE_MODULES = YES;
				CLANG_ENABLE_OBJC_ARC = YES;
				CLANG_ENABLE_OBJC_WEAK = YES;
				CLANG_WARN_BLOCK_CAPTURE_AUTORELEASING = YES;
				CLANG_WARN_BOOL_CONVERSION = YES;
				CLANG_WARN_COMMA = YES;
				CLANG_WARN_CONSTANT_CONVERSION = YES;
				CLANG_WARN_DEPRECATED_OBJC_IMPLEMENTATIONS = YES;
				CLANG_WARN_DIRECT_OBJC_ISA_USAGE = YES_ERROR;
				CLANG_WARN_DOCUMENTATION_COMMENTS = YES;
				CLANG_WARN_EMPTY_BODY = YES;
				CLANG_WARN_ENUM_CONVERSION = YES;
				CLANG_WARN_INFINITE_RECURSION = YES;
				CLANG_WARN_INT_CONVERSION = YES;
				CLANG_WARN_NON_LITERAL_NULL_CONVERSION = YES;
				CLANG_WARN_OBJC_IMPLICIT_RETAIN_SELF = YES;
				CLANG_WARN_OBJC_LITERAL_CONVERSION = YES;
				CLANG_WARN_OBJC_ROOT_CLASS = YES_ERROR;
				CLANG_WARN_QUOTED_INCLUDE_IN_FRAMEWORK_HEADER = YES;
				CLANG_WARN_RANGE_LOOP_ANALYSIS = YES;
				CLANG_WARN_STRICT_PROTOTYPES = YES;
				CLANG_WARN_SUSPICIOUS_MOVE = YES;
				CLANG_WARN_UNGUARDED_AVAILABILITY = YES_AGGRESSIVE;
				CLANG_WARN_UNREACHABLE_CODE = YES;
				CLANG_WARN__DUPLICATE_METHOD_MATCH = YES;
				COPY_PHASE_STRIP = NO;
				DEBUG_INFORMATION_FORMAT = dwarf;
				ENABLE_STRICT_OBJC_MSGSEND = YES;
				ENABLE_TESTABILITY = YES;
				GCC_C_LANGUAGE_STANDARD = gnu11;
				GCC_DYNAMIC_NO_PIC = NO;
				GCC_NO_COMMON_BLOCKS = YES;
				GCC_OPTIMIZATION_LEVEL = 0;
				GCC_PREPROCESSOR_DEFINITIONS = (
					"DEBUG=1",
					"$(inherited)",
				);
				GCC_WARN_64_TO_32_BIT_CONVERSION = YES;
				GCC_WARN_ABOUT_RETURN_TYPE = YES_ERROR;
				GCC_WARN_UNDECLARED_SELECTOR = YES;
				GCC_WARN_UNINITIALIZED_AUTOS = YES_AGGRESSIVE;
				GCC_WARN_UNUSED_FUNCTION = YES;
				GCC_WARN_UNUSED_VARIABLE = YES;
				IPHONEOS_DEPLOYMENT_TARGET = 14.2;
				MTL_ENABLE_DEBUG_INFO = INCLUDE_SOURCE;
				MTL_FAST_MATH = YES;
				ONLY_ACTIVE_ARCH = YES;
				SDKROOT = iphoneos;
				SWIFT_ACTIVE_COMPILATION_CONDITIONS = DEBUG;
				SWIFT_OPTIMIZATION_LEVEL = "-Onone";
			};
			name = Debug;
		};
		8550B80C25796EA1002D7E2D /* Release */ = {
			isa = XCBuildConfiguration;
			buildSettings = {
				ALWAYS_SEARCH_USER_PATHS = NO;
				CLANG_ANALYZER_NONNULL = YES;
				CLANG_ANALYZER_NUMBER_OBJECT_CONVERSION = YES_AGGRESSIVE;
				CLANG_CXX_LANGUAGE_STANDARD = "gnu++14";
				CLANG_CXX_LIBRARY = "libc++";
				CLANG_ENABLE_MODULES = YES;
				CLANG_ENABLE_OBJC_ARC = YES;
				CLANG_ENABLE_OBJC_WEAK = YES;
				CLANG_WARN_BLOCK_CAPTURE_AUTORELEASING = YES;
				CLANG_WARN_BOOL_CONVERSION = YES;
				CLANG_WARN_COMMA = YES;
				CLANG_WARN_CONSTANT_CONVERSION = YES;
				CLANG_WARN_DEPRECATED_OBJC_IMPLEMENTATIONS = YES;
				CLANG_WARN_DIRECT_OBJC_ISA_USAGE = YES_ERROR;
				CLANG_WARN_DOCUMENTATION_COMMENTS = YES;
				CLANG_WARN_EMPTY_BODY = YES;
				CLANG_WARN_ENUM_CONVERSION = YES;
				CLANG_WARN_INFINITE_RECURSION = YES;
				CLANG_WARN_INT_CONVERSION = YES;
				CLANG_WARN_NON_LITERAL_NULL_CONVERSION = YES;
				CLANG_WARN_OBJC_IMPLICIT_RETAIN_SELF = YES;
				CLANG_WARN_OBJC_LITERAL_CONVERSION = YES;
				CLANG_WARN_OBJC_ROOT_CLASS = YES_ERROR;
				CLANG_WARN_QUOTED_INCLUDE_IN_FRAMEWORK_HEADER = YES;
				CLANG_WARN_RANGE_LOOP_ANALYSIS = YES;
				CLANG_WARN_STRICT_PROTOTYPES = YES;
				CLANG_WARN_SUSPICIOUS_MOVE = YES;
				CLANG_WARN_UNGUARDED_AVAILABILITY = YES_AGGRESSIVE;
				CLANG_WARN_UNREACHABLE_CODE = YES;
				CLANG_WARN__DUPLICATE_METHOD_MATCH = YES;
				COPY_PHASE_STRIP = NO;
				DEBUG_INFORMATION_FORMAT = "dwarf-with-dsym";
				ENABLE_NS_ASSERTIONS = NO;
				ENABLE_STRICT_OBJC_MSGSEND = YES;
				GCC_C_LANGUAGE_STANDARD = gnu11;
				GCC_NO_COMMON_BLOCKS = YES;
				GCC_WARN_64_TO_32_BIT_CONVERSION = YES;
				GCC_WARN_ABOUT_RETURN_TYPE = YES_ERROR;
				GCC_WARN_UNDECLARED_SELECTOR = YES;
				GCC_WARN_UNINITIALIZED_AUTOS = YES_AGGRESSIVE;
				GCC_WARN_UNUSED_FUNCTION = YES;
				GCC_WARN_UNUSED_VARIABLE = YES;
				IPHONEOS_DEPLOYMENT_TARGET = 14.2;
				MTL_ENABLE_DEBUG_INFO = NO;
				MTL_FAST_MATH = YES;
				SDKROOT = iphoneos;
				SWIFT_COMPILATION_MODE = wholemodule;
				SWIFT_OPTIMIZATION_LEVEL = "-O";
				VALIDATE_PRODUCT = YES;
			};
			name = Release;
		};
		8550B80E25796EA1002D7E2D /* Debug */ = {
			isa = XCBuildConfiguration;
			baseConfigurationReference = A6523A9230489CC7EB706201 /* Pods-BlueToothPrj.debug.xcconfig */;
			buildSettings = {
				ASSETCATALOG_COMPILER_APPICON_NAME = AppIcon;
				ASSETCATALOG_COMPILER_GLOBAL_ACCENT_COLOR_NAME = AccentColor;
				CODE_SIGN_STYLE = Automatic;
				INFOPLIST_FILE = BlueToothPrj/Info.plist;
				LD_RUNPATH_SEARCH_PATHS = (
					"$(inherited)",
					"@executable_path/Frameworks",
				);
				PRODUCT_BUNDLE_IDENTIFIER = practice.BlueToothPrj;
				PRODUCT_NAME = "$(TARGET_NAME)";
				SWIFT_VERSION = 5.0;
				TARGETED_DEVICE_FAMILY = "1,2";
			};
			name = Debug;
		};
		8550B80F25796EA1002D7E2D /* Release */ = {
			isa = XCBuildConfiguration;
			baseConfigurationReference = 0B34F8263440DC59ACF0C9A4 /* Pods-BlueToothPrj.release.xcconfig */;
			buildSettings = {
				ASSETCATALOG_COMPILER_APPICON_NAME = AppIcon;
				ASSETCATALOG_COMPILER_GLOBAL_ACCENT_COLOR_NAME = AccentColor;
				CODE_SIGN_STYLE = Automatic;
				INFOPLIST_FILE = BlueToothPrj/Info.plist;
				LD_RUNPATH_SEARCH_PATHS = (
					"$(inherited)",
					"@executable_path/Frameworks",
				);
				PRODUCT_BUNDLE_IDENTIFIER = practice.BlueToothPrj;
				PRODUCT_NAME = "$(TARGET_NAME)";
				SWIFT_VERSION = 5.0;
				TARGETED_DEVICE_FAMILY = "1,2";
			};
			name = Release;
		};
		8550B81125796EA1002D7E2D /* Debug */ = {
			isa = XCBuildConfiguration;
			baseConfigurationReference = 34AE50844690404921B86616 /* Pods-BlueToothPrjTests.debug.xcconfig */;
			buildSettings = {
				ALWAYS_EMBED_SWIFT_STANDARD_LIBRARIES = YES;
				BUNDLE_LOADER = "$(TEST_HOST)";
				CODE_SIGN_STYLE = Automatic;
				INFOPLIST_FILE = BlueToothPrjTests/Info.plist;
				IPHONEOS_DEPLOYMENT_TARGET = 14.2;
				LD_RUNPATH_SEARCH_PATHS = (
					"$(inherited)",
					"@executable_path/Frameworks",
					"@loader_path/Frameworks",
				);
				PRODUCT_BUNDLE_IDENTIFIER = practice.BlueToothPrjTests;
				PRODUCT_NAME = "$(TARGET_NAME)";
				SWIFT_VERSION = 5.0;
				TARGETED_DEVICE_FAMILY = "1,2";
				TEST_HOST = "$(BUILT_PRODUCTS_DIR)/BlueToothPrj.app/BlueToothPrj";
			};
			name = Debug;
		};
		8550B81225796EA1002D7E2D /* Release */ = {
			isa = XCBuildConfiguration;
			baseConfigurationReference = B068BA7F97068CC331716B4B /* Pods-BlueToothPrjTests.release.xcconfig */;
			buildSettings = {
				ALWAYS_EMBED_SWIFT_STANDARD_LIBRARIES = YES;
				BUNDLE_LOADER = "$(TEST_HOST)";
				CODE_SIGN_STYLE = Automatic;
				INFOPLIST_FILE = BlueToothPrjTests/Info.plist;
				IPHONEOS_DEPLOYMENT_TARGET = 14.2;
				LD_RUNPATH_SEARCH_PATHS = (
					"$(inherited)",
					"@executable_path/Frameworks",
					"@loader_path/Frameworks",
				);
				PRODUCT_BUNDLE_IDENTIFIER = practice.BlueToothPrjTests;
				PRODUCT_NAME = "$(TARGET_NAME)";
				SWIFT_VERSION = 5.0;
				TARGETED_DEVICE_FAMILY = "1,2";
				TEST_HOST = "$(BUILT_PRODUCTS_DIR)/BlueToothPrj.app/BlueToothPrj";
			};
			name = Release;
		};
		8550B81425796EA1002D7E2D /* Debug */ = {
			isa = XCBuildConfiguration;
			baseConfigurationReference = DE9E423742577378A4EA3D96 /* Pods-BlueToothPrj-BlueToothPrjUITests.debug.xcconfig */;
			buildSettings = {
				ALWAYS_EMBED_SWIFT_STANDARD_LIBRARIES = YES;
				CODE_SIGN_STYLE = Automatic;
				INFOPLIST_FILE = BlueToothPrjUITests/Info.plist;
				LD_RUNPATH_SEARCH_PATHS = (
					"$(inherited)",
					"@executable_path/Frameworks",
					"@loader_path/Frameworks",
				);
				PRODUCT_BUNDLE_IDENTIFIER = practice.BlueToothPrjUITests;
				PRODUCT_NAME = "$(TARGET_NAME)";
				SWIFT_VERSION = 5.0;
				TARGETED_DEVICE_FAMILY = "1,2";
				TEST_TARGET_NAME = BlueToothPrj;
			};
			name = Debug;
		};
		8550B81525796EA1002D7E2D /* Release */ = {
			isa = XCBuildConfiguration;
			baseConfigurationReference = 87468EB52497DF8829C45BB6 /* Pods-BlueToothPrj-BlueToothPrjUITests.release.xcconfig */;
			buildSettings = {
				ALWAYS_EMBED_SWIFT_STANDARD_LIBRARIES = YES;
				CODE_SIGN_STYLE = Automatic;
				INFOPLIST_FILE = BlueToothPrjUITests/Info.plist;
				LD_RUNPATH_SEARCH_PATHS = (
					"$(inherited)",
					"@executable_path/Frameworks",
					"@loader_path/Frameworks",
				);
				PRODUCT_BUNDLE_IDENTIFIER = practice.BlueToothPrjUITests;
				PRODUCT_NAME = "$(TARGET_NAME)";
				SWIFT_VERSION = 5.0;
				TARGETED_DEVICE_FAMILY = "1,2";
				TEST_TARGET_NAME = BlueToothPrj;
			};
			name = Release;
		};
/* End XCBuildConfiguration section */

/* Begin XCConfigurationList section */
		8550B7DE25796E9A002D7E2D /* Build configuration list for PBXProject "BlueToothPrj" */ = {
			isa = XCConfigurationList;
			buildConfigurations = (
				8550B80B25796EA1002D7E2D /* Debug */,
				8550B80C25796EA1002D7E2D /* Release */,
			);
			defaultConfigurationIsVisible = 0;
			defaultConfigurationName = Release;
		};
		8550B80D25796EA1002D7E2D /* Build configuration list for PBXNativeTarget "BlueToothPrj" */ = {
			isa = XCConfigurationList;
			buildConfigurations = (
				8550B80E25796EA1002D7E2D /* Debug */,
				8550B80F25796EA1002D7E2D /* Release */,
			);
			defaultConfigurationIsVisible = 0;
			defaultConfigurationName = Release;
		};
		8550B81025796EA1002D7E2D /* Build configuration list for PBXNativeTarget "BlueToothPrjTests" */ = {
			isa = XCConfigurationList;
			buildConfigurations = (
				8550B81125796EA1002D7E2D /* Debug */,
				8550B81225796EA1002D7E2D /* Release */,
			);
			defaultConfigurationIsVisible = 0;
			defaultConfigurationName = Release;
		};
		8550B81325796EA1002D7E2D /* Build configuration list for PBXNativeTarget "BlueToothPrjUITests" */ = {
			isa = XCConfigurationList;
			buildConfigurations = (
				8550B81425796EA1002D7E2D /* Debug */,
				8550B81525796EA1002D7E2D /* Release */,
			);
			defaultConfigurationIsVisible = 0;
			defaultConfigurationName = Release;
		};
/* End XCConfigurationList section */
	};
	rootObject = 8550B7DB25796E9A002D7E2D /* Project object */;
}
